{
  "name": "Z_nlp",
  "version": "1.0.0",
  "lockfileVersion": 1,
  "requires": true,
  "dependencies": {
    "lorca-nlp": {
      "version": "1.0.12",
      "resolved": "https://registry.npmjs.org/lorca-nlp/-/lorca-nlp-1.0.12.tgz",
      "integrity": "sha512-yG8TjbwmpBCB0KGDkCVa/17Wz2CTDhSRc+pOEAA/NMC+5H4Sg3imjIXoG97QxjC5c4fR7hPbb8eMosDzBL4sgA=="
    }
  }
}
